
Microsoft Visual Studio Solution File, Format Version 12.00
# Visual Studio Version 17
VisualStudioVersion = 17.13.35828.75 d17.13
MinimumVisualStudioVersion = 10.0.40219.1
Project("{FAE04EC0-301F-11D3-BF4B-00C04F79EFBC}") = "Bank", "Bank\Bank.csproj", "{DD0BC5C6-8861-467C-A72D-382BCEC22944}"
EndProject
Project("{FAE04EC0-301F-11D3-BF4B-00C04F79EFBC}") = "BankTests", "BankTests\BankTests.csproj", "{9C350626-2E55-48CC-86DA-FD09E53FCD93}"
EndProject
Global
	GlobalSection(SolutionConfigurationPlatforms) = preSolution
		Debug|Any CPU = Debug|Any CPU
		Release|Any CPU = Release|Any CPU
	EndGlobalSection
	GlobalSection(ProjectConfigurationPlatforms) = postSolution
		{DD0BC5C6-8861-467C-A72D-382BCEC22944}.Debug|Any CPU.ActiveCfg = Debug|Any CPU
		{DD0BC5C6-8861-467C-A72D-382BCEC22944}.Debug|Any CPU.Build.0 = Debug|Any CPU
		{DD0BC5C6-8861-467C-A72D-382BCEC22944}.Release|Any CPU.ActiveCfg = Release|Any CPU
		{DD0BC5C6-8861-467C-A72D-382BCEC22944}.Release|Any CPU.Build.0 = Release|Any CPU
		{9C350626-2E55-48CC-86DA-FD09E53FCD93}.Debug|Any CPU.ActiveCfg = Debug|Any CPU
		{9C350626-2E55-48CC-86DA-FD09E53FCD93}.Debug|Any CPU.Build.0 = Debug|Any CPU
		{9C350626-2E55-48CC-86DA-FD09E53FCD93}.Release|Any CPU.ActiveCfg = Release|Any CPU
		{9C350626-2E55-48CC-86DA-FD09E53FCD93}.Release|Any CPU.Build.0 = Release|Any CPU
	EndGlobalSection
	GlobalSection(SolutionProperties) = preSolution
		HideSolutionNode = FALSE
	EndGlobalSection
	GlobalSection(ExtensibilityGlobals) = postSolution
		SolutionGuid = {3C50FB77-0067-4199-A5DF-88A49F9F58B3}
	EndGlobalSection
EndGlobal
